// !$*UTF8*$!
{
	archiveVersion = 1;
	classes = {
	};
	objectVersion = 56;
	objects = {

/* Begin PBXBuildFile section */
		02A80D8D2B41DF6700847865 /* OffersPage.swift in Sources */ = {isa = PBXBuildFile; fileRef = 02A80D8C2B41DF6700847865 /* OffersPage.swift */; };
		02A80D912B41E71D00847865 /* MenuPage.swift in Sources */ = {isa = PBXBuildFile; fileRef = 02A80D902B41E71D00847865 /* MenuPage.swift */; };
		02A80D932B41E72C00847865 /* OrdersPage.swift in Sources */ = {isa = PBXBuildFile; fileRef = 02A80D922B41E72C00847865 /* OrdersPage.swift */; };
		02A80D952B41E73600847865 /* InfoPage.swift in Sources */ = {isa = PBXBuildFile; fileRef = 02A80D942B41E73600847865 /* InfoPage.swift */; };
		02A80D972B41E94B00847865 /* Product.swift in Sources */ = {isa = PBXBuildFile; fileRef = 02A80D962B41E94B00847865 /* Product.swift */; };
		02A80D992B41ED5300847865 /* DetailsPage.swift in Sources */ = {isa = PBXBuildFile; fileRef = 02A80D982B41ED5300847865 /* DetailsPage.swift */; };
		02E45AA02B41CF3900D0AAF7 /* CoffeeMastersApp.swift in Sources */ = {isa = PBXBuildFile; fileRef = 02E45A9F2B41CF3900D0AAF7 /* CoffeeMastersApp.swift */; };
		02E45AA22B41CF3900D0AAF7 /* ContentView.swift in Sources */ = {isa = PBXBuildFile; fileRef = 02E45AA12B41CF3900D0AAF7 /* ContentView.swift */; };
		02E45AA42B41CF3B00D0AAF7 /* Assets.xcassets in Resources */ = {isa = PBXBuildFile; fileRef = 02E45AA32B41CF3B00D0AAF7 /* Assets.xcassets */; };
		02E45AA72B41CF3B00D0AAF7 /* Preview Assets.xcassets in Resources */ = {isa = PBXBuildFile; fileRef = 02E45AA62B41CF3B00D0AAF7 /* Preview Assets.xcassets */; };
		02E45AB12B41CF3B00D0AAF7 /* CoffeeMastersTests.swift in Sources */ = {isa = PBXBuildFile; fileRef = 02E45AB02B41CF3B00D0AAF7 /* CoffeeMastersTests.swift */; };
		02E45ABB2B41CF3B00D0AAF7 /* CoffeeMastersUITests.swift in Sources */ = {isa = PBXBuildFile; fileRef = 02E45ABA2B41CF3B00D0AAF7 /* CoffeeMastersUITests.swift */; };
		02E45ABD2B41CF3B00D0AAF7 /* CoffeeMastersUITestsLaunchTests.swift in Sources */ = {isa = PBXBuildFile; fileRef = 02E45ABC2B41CF3B00D0AAF7 /* CoffeeMastersUITestsLaunchTests.swift */; };
		02E45ACA2B41CFE800D0AAF7 /* Offer.swift in Sources */ = {isa = PBXBuildFile; fileRef = 02E45AC92B41CFE800D0AAF7 /* Offer.swift */; };
/* End PBXBuildFile section */

/* Begin PBXContainerItemProxy section */
		02E45AAD2B41CF3B00D0AAF7 /* PBXContainerItemProxy */ = {
			isa = PBXContainerItemProxy;
			containerPortal = 02E45A942B41CF3900D0AAF7 /* Project object */;
			proxyType = 1;
			remoteGlobalIDString = 02E45A9B2B41CF3900D0AAF7;
			remoteInfo = CoffeeMasters;
		};
		02E45AB72B41CF3B00D0AAF7 /* PBXContainerItemProxy */ = {
			isa = PBXContainerItemProxy;
			containerPortal = 02E45A942B41CF3900D0AAF7 /* Project object */;
			proxyType = 1;
			remoteGlobalIDString = 02E45A9B2B41CF3900D0AAF7;
			remoteInfo = CoffeeMasters;
		};
/* End PBXContainerItemProxy section */

/* Begin PBXFileReference section */
		02A80D8C2B41DF6700847865 /* OffersPage.swift */ = {isa = PBXFileReference; lastKnownFileType = sourcecode.swift; path = OffersPage.swift; sourceTree = "<group>"; };
		02A80D902B41E71D00847865 /* MenuPage.swift */ = {isa = PBXFileReference; lastKnownFileType = sourcecode.swift; path = MenuPage.swift; sourceTree = "<group>"; };
		02A80D922B41E72C00847865 /* OrdersPage.swift */ = {isa = PBXFileReference; lastKnownFileType = sourcecode.swift; path = OrdersPage.swift; sourceTree = "<group>"; };
		02A80D942B41E73600847865 /* InfoPage.swift */ = {isa = PBXFileReference; lastKnownFileType = sourcecode.swift; path = InfoPage.swift; sourceTree = "<group>"; };
		02A80D962B41E94B00847865 /* Product.swift */ = {isa = PBXFileReference; lastKnownFileType = sourcecode.swift; path = Product.swift; sourceTree = "<group>"; };
		02A80D982B41ED5300847865 /* DetailsPage.swift */ = {isa = PBXFileReference; lastKnownFileType = sourcecode.swift; path = DetailsPage.swift; sourceTree = "<group>"; };
		02E45A9C2B41CF3900D0AAF7 /* CoffeeMasters.app */ = {isa = PBXFileReference; explicitFileType = wrapper.application; includeInIndex = 0; path = CoffeeMasters.app; sourceTree = BUILT_PRODUCTS_DIR; };
		02E45A9F2B41CF3900D0AAF7 /* CoffeeMastersApp.swift */ = {isa = PBXFileReference; lastKnownFileType = sourcecode.swift; path = CoffeeMastersApp.swift; sourceTree = "<group>"; };
		02E45AA12B41CF3900D0AAF7 /* ContentView.swift */ = {isa = PBXFileReference; lastKnownFileType = sourcecode.swift; path = ContentView.swift; sourceTree = "<group>"; };
		02E45AA32B41CF3B00D0AAF7 /* Assets.xcassets */ = {isa = PBXFileReference; lastKnownFileType = folder.assetcatalog; path = Assets.xcassets; sourceTree = "<group>"; };
		02E45AA62B41CF3B00D0AAF7 /* Preview Assets.xcassets */ = {isa = PBXFileReference; lastKnownFileType = folder.assetcatalog; path = "Preview Assets.xcassets"; sourceTree = "<group>"; };
		02E45AAC2B41CF3B00D0AAF7 /* CoffeeMastersTests.xctest */ = {isa = PBXFileReference; explicitFileType = wrapper.cfbundle; includeInIndex = 0; path = CoffeeMastersTests.xctest; sourceTree = BUILT_PRODUCTS_DIR; };
		02E45AB02B41CF3B00D0AAF7 /* CoffeeMastersTests.swift */ = {isa = PBXFileReference; lastKnownFileType = sourcecode.swift; path = CoffeeMastersTests.swift; sourceTree = "<group>"; };
		02E45AB62B41CF3B00D0AAF7 /* CoffeeMastersUITests.xctest */ = {isa = PBXFileReference; explicitFileType = wrapper.cfbundle; includeInIndex = 0; path = CoffeeMastersUITests.xctest; sourceTree = BUILT_PRODUCTS_DIR; };
		02E45ABA2B41CF3B00D0AAF7 /* CoffeeMastersUITests.swift */ = {isa = PBXFileReference; lastKnownFileType = sourcecode.swift; path = CoffeeMastersUITests.swift; sourceTree = "<group>"; };
		02E45ABC2B41CF3B00D0AAF7 /* CoffeeMastersUITestsLaunchTests.swift */ = {isa = PBXFileReference; lastKnownFileType = sourcecode.swift; path = CoffeeMastersUITestsLaunchTests.swift; sourceTree = "<group>"; };
		02E45AC92B41CFE800D0AAF7 /* Offer.swift */ = {isa = PBXFileReference; lastKnownFileType = sourcecode.swift; path = Offer.swift; sourceTree = "<group>"; };
/* End PBXFileReference section */

/* Begin PBXFrameworksBuildPhase section */
		02E45A992B41CF3900D0AAF7 /* Frameworks */ = {
			isa = PBXFrameworksBuildPhase;
			buildActionMask = 2147483647;
			files = (
			);
			runOnlyForDeploymentPostprocessing = 0;
		};
		02E45AA92B41CF3B00D0AAF7 /* Frameworks */ = {
			isa = PBXFrameworksBuildPhase;
			buildActionMask = 2147483647;
			files = (
			);
			runOnlyForDeploymentPostprocessing = 0;
		};
		02E45AB32B41CF3B00D0AAF7 /* Frameworks */ = {
			isa = PBXFrameworksBuildPhase;
			buildActionMask = 2147483647;
			files = (
			);
			runOnlyForDeploymentPostprocessing = 0;
		};
/* End PBXFrameworksBuildPhase section */

/* Begin PBXGroup section */
		02A80D8E2B41E64E00847865 /* Views */ = {
			isa = PBXGroup;
			children = (
				02E45AC92B41CFE800D0AAF7 /* Offer.swift */,
				02A80D962B41E94B00847865 /* Product.swift */,
			);
			path = Views;
			sourceTree = "<group>";
		};
		02A80D8F2B41E6C600847865 /* Page Views */ = {
			isa = PBXGroup;
			children = (
				02A80D8C2B41DF6700847865 /* OffersPage.swift */,
				02A80D902B41E71D00847865 /* MenuPage.swift */,
				02A80D922B41E72C00847865 /* OrdersPage.swift */,
				02A80D942B41E73600847865 /* InfoPage.swift */,
				02A80D982B41ED5300847865 /* DetailsPage.swift */,
			);
			path = "Page Views";
			sourceTree = "<group>";
		};
		02E45A932B41CF3900D0AAF7 = {
			isa = PBXGroup;
			children = (
				02E45A9E2B41CF3900D0AAF7 /* CoffeeMasters */,
				02E45AAF2B41CF3B00D0AAF7 /* CoffeeMastersTests */,
				02E45AB92B41CF3B00D0AAF7 /* CoffeeMastersUITests */,
				02E45A9D2B41CF3900D0AAF7 /* Products */,
			);
			sourceTree = "<group>";
		};
		02E45A9D2B41CF3900D0AAF7 /* Products */ = {
			isa = PBXGroup;
			children = (
				02E45A9C2B41CF3900D0AAF7 /* CoffeeMasters.app */,
				02E45AAC2B41CF3B00D0AAF7 /* CoffeeMastersTests.xctest */,
				02E45AB62B41CF3B00D0AAF7 /* CoffeeMastersUITests.xctest */,
			);
			name = Products;
			sourceTree = "<group>";
		};
		02E45A9E2B41CF3900D0AAF7 /* CoffeeMasters */ = {
			isa = PBXGroup;
			children = (
				02A80D8F2B41E6C600847865 /* Page Views */,
				02A80D8E2B41E64E00847865 /* Views */,
				02E45A9F2B41CF3900D0AAF7 /* CoffeeMastersApp.swift */,
				02E45AA12B41CF3900D0AAF7 /* ContentView.swift */,
				02E45AA32B41CF3B00D0AAF7 /* Assets.xcassets */,
				02E45AA52B41CF3B00D0AAF7 /* Preview Content */,
			);
			path = CoffeeMasters;
			sourceTree = "<group>";
		};
		02E45AA52B41CF3B00D0AAF7 /* Preview Content */ = {
			isa = PBXGroup;
			children = (
				02E45AA62B41CF3B00D0AAF7 /* Preview Assets.xcassets */,
			);
			path = "Preview Content";
			sourceTree = "<group>";
		};
		02E45AAF2B41CF3B00D0AAF7 /* CoffeeMastersTests */ = {
			isa = PBXGroup;
			children = (
				02E45AB02B41CF3B00D0AAF7 /* CoffeeMastersTests.swift */,
			);
			path = CoffeeMastersTests;
			sourceTree = "<group>";
		};
		02E45AB92B41CF3B00D0AAF7 /* CoffeeMastersUITests */ = {
			isa = PBXGroup;
			children = (
				02E45ABA2B41CF3B00D0AAF7 /* CoffeeMastersUITests.swift */,
				02E45ABC2B41CF3B00D0AAF7 /* CoffeeMastersUITestsLaunchTests.swift */,
			);
			path = CoffeeMastersUITests;
			sourceTree = "<group>";
		};
/* End PBXGroup section */

/* Begin PBXNativeTarget section */
		02E45A9B2B41CF3900D0AAF7 /* CoffeeMasters */ = {
			isa = PBXNativeTarget;
			buildConfigurationList = 02E45AC02B41CF3B00D0AAF7 /* Build configuration list for PBXNativeTarget "CoffeeMasters" */;
			buildPhases = (
				02E45A982B41CF3900D0AAF7 /* Sources */,
				02E45A992B41CF3900D0AAF7 /* Frameworks */,
				02E45A9A2B41CF3900D0AAF7 /* Resources */,
			);
			buildRules = (
			);
			dependencies = (
			);
			name = CoffeeMasters;
			productName = CoffeeMasters;
			productReference = 02E45A9C2B41CF3900D0AAF7 /* CoffeeMasters.app */;
			productType = "com.apple.product-type.application";
		};
		02E45AAB2B41CF3B00D0AAF7 /* CoffeeMastersTests */ = {
			isa = PBXNativeTarget;
			buildConfigurationList = 02E45AC32B41CF3B00D0AAF7 /* Build configuration list for PBXNativeTarget "CoffeeMastersTests" */;
			buildPhases = (
				02E45AA82B41CF3B00D0AAF7 /* Sources */,
				02E45AA92B41CF3B00D0AAF7 /* Frameworks */,
				02E45AAA2B41CF3B00D0AAF7 /* Resources */,
			);
			buildRules = (
			);
			dependencies = (
				02E45AAE2B41CF3B00D0AAF7 /* PBXTargetDependency */,
			);
			name = CoffeeMastersTests;
			productName = CoffeeMastersTests;
			productReference = 02E45AAC2B41CF3B00D0AAF7 /* CoffeeMastersTests.xctest */;
			productType = "com.apple.product-type.bundle.unit-test";
		};
		02E45AB52B41CF3B00D0AAF7 /* CoffeeMastersUITests */ = {
			isa = PBXNativeTarget;
			buildConfigurationList = 02E45AC62B41CF3B00D0AAF7 /* Build configuration list for PBXNativeTarget "CoffeeMastersUITests" */;
			buildPhases = (
				02E45AB22B41CF3B00D0AAF7 /* Sources */,
				02E45AB32B41CF3B00D0AAF7 /* Frameworks */,
				02E45AB42B41CF3B00D0AAF7 /* Resources */,
			);
			buildRules = (
			);
			dependencies = (
				02E45AB82B41CF3B00D0AAF7 /* PBXTargetDependency */,
			);
			name = CoffeeMastersUITests;
			productName = CoffeeMastersUITests;
			productReference = 02E45AB62B41CF3B00D0AAF7 /* CoffeeMastersUITests.xctest */;
			productType = "com.apple.product-type.bundle.ui-testing";
		};
/* End PBXNativeTarget section */

/* Begin PBXProject section */
		02E45A942B41CF3900D0AAF7 /* Project object */ = {
			isa = PBXProject;
			attributes = {
				BuildIndependentTargetsInParallel = 1;
				LastSwiftUpdateCheck = 1510;
				LastUpgradeCheck = 1510;
				TargetAttributes = {
					02E45A9B2B41CF3900D0AAF7 = {
						CreatedOnToolsVersion = 15.1;
					};
					02E45AAB2B41CF3B00D0AAF7 = {
						CreatedOnToolsVersion = 15.1;
						TestTargetID = 02E45A9B2B41CF3900D0AAF7;
					};
					02E45AB52B41CF3B00D0AAF7 = {
						CreatedOnToolsVersion = 15.1;
						TestTargetID = 02E45A9B2B41CF3900D0AAF7;
					};
				};
			};
			buildConfigurationList = 02E45A972B41CF3900D0AAF7 /* Build configuration list for PBXProject "CoffeeMasters" */;
			compatibilityVersion = "Xcode 14.0";
			developmentRegion = en;
			hasScannedForEncodings = 0;
			knownRegions = (
				en,
				Base,
			);
			mainGroup = 02E45A932B41CF3900D0AAF7;
			productRefGroup = 02E45A9D2B41CF3900D0AAF7 /* Products */;
			projectDirPath = "";
			projectRoot = "";
			targets = (
				02E45A9B2B41CF3900D0AAF7 /* CoffeeMasters */,
				02E45AAB2B41CF3B00D0AAF7 /* CoffeeMastersTests */,
				02E45AB52B41CF3B00D0AAF7 /* CoffeeMastersUITests */,
			);
		};
/* End PBXProject section */

/* Begin PBXResourcesBuildPhase section */
		02E45A9A2B41CF3900D0AAF7 /* Resources */ = {
			isa = PBXResourcesBuildPhase;
			buildActionMask = 2147483647;
			files = (
				02E45AA72B41CF3B00D0AAF7 /* Preview Assets.xcassets in Resources */,
				02E45AA42B41CF3B00D0AAF7 /* Assets.xcassets in Resources */,
			);
			runOnlyForDeploymentPostprocessing = 0;
		};
		02E45AAA2B41CF3B00D0AAF7 /* Resources */ = {
			isa = PBXResourcesBuildPhase;
			buildActionMask = 2147483647;
			files = (
			);
			runOnlyForDeploymentPostprocessing = 0;
		};
		02E45AB42B41CF3B00D0AAF7 /* Resources */ = {
			isa = PBXResourcesBuildPhase;
			buildActionMask = 2147483647;
			files = (
			);
			runOnlyForDeploymentPostprocessing = 0;
		};
/* End PBXResourcesBuildPhase section */

/* Begin PBXSourcesBuildPhase section */
		02E45A982B41CF3900D0AAF7 /* Sources */ = {
			isa = PBXSourcesBuildPhase;
			buildActionMask = 2147483647;
			files = (
				02E45ACA2B41CFE800D0AAF7 /* Offer.swift in Sources */,
				02A80D972B41E94B00847865 /* Product.swift in Sources */,
				02A80D8D2B41DF6700847865 /* OffersPage.swift in Sources */,
				02A80D992B41ED5300847865 /* DetailsPage.swift in Sources */,
				02A80D912B41E71D00847865 /* MenuPage.swift in Sources */,
				02A80D952B41E73600847865 /* InfoPage.swift in Sources */,
				02E45AA22B41CF3900D0AAF7 /* ContentView.swift in Sources */,
				02A80D932B41E72C00847865 /* OrdersPage.swift in Sources */,
				02E45AA02B41CF3900D0AAF7 /* CoffeeMastersApp.swift in Sources */,
			);
			runOnlyForDeploymentPostprocessing = 0;
		};
		02E45AA82B41CF3B00D0AAF7 /* Sources */ = {
			isa = PBXSourcesBuildPhase;
			buildActionMask = 2147483647;
			files = (
				02E45AB12B41CF3B00D0AAF7 /* CoffeeMastersTests.swift in Sources */,
			);
			runOnlyForDeploymentPostprocessing = 0;
		};
		02E45AB22B41CF3B00D0AAF7 /* Sources */ = {
			isa = PBXSourcesBuildPhase;
			buildActionMask = 2147483647;
			files = (
				02E45ABD2B41CF3B00D0AAF7 /* CoffeeMastersUITestsLaunchTests.swift in Sources */,
				02E45ABB2B41CF3B00D0AAF7 /* CoffeeMastersUITests.swift in Sources */,
			);
			runOnlyForDeploymentPostprocessing = 0;
		};
/* End PBXSourcesBuildPhase section */

/* Begin PBXTargetDependency section */
		02E45AAE2B41CF3B00D0AAF7 /* PBXTargetDependency */ = {
			isa = PBXTargetDependency;
			target = 02E45A9B2B41CF3900D0AAF7 /* CoffeeMasters */;
			targetProxy = 02E45AAD2B41CF3B00D0AAF7 /* PBXContainerItemProxy */;
		};
		02E45AB82B41CF3B00D0AAF7 /* PBXTargetDependency */ = {
			isa = PBXTargetDependency;
			target = 02E45A9B2B41CF3900D0AAF7 /* CoffeeMasters */;
			targetProxy = 02E45AB72B41CF3B00D0AAF7 /* PBXContainerItemProxy */;
		};
/* End PBXTargetDependency section */

/* Begin XCBuildConfiguration section */
		02E45ABE2B41CF3B00D0AAF7 /* Debug */ = {
			isa = XCBuildConfiguration;
			buildSettings = {
				ALWAYS_SEARCH_USER_PATHS = NO;
				ASSETCATALOG_COMPILER_GENERATE_SWIFT_ASSET_SYMBOL_EXTENSIONS = YES;
				CLANG_ANALYZER_NONNULL = YES;
				CLANG_ANALYZER_NUMBER_OBJECT_CONVERSION = YES_AGGRESSIVE;
				CLANG_CXX_LANGUAGE_STANDARD = "gnu++20";
				CLANG_ENABLE_MODULES = YES;
				CLANG_ENABLE_OBJC_ARC = YES;
				CLANG_ENABLE_OBJC_WEAK = YES;
				CLANG_WARN_BLOCK_CAPTURE_AUTORELEASING = YES;
				CLANG_WARN_BOOL_CONVERSION = YES;
				CLANG_WARN_COMMA = YES;
				CLANG_WARN_CONSTANT_CONVERSION = YES;
				CLANG_WARN_DEPRECATED_OBJC_IMPLEMENTATIONS = YES;
				CLANG_WARN_DIRECT_OBJC_ISA_USAGE = YES_ERROR;
				CLANG_WARN_DOCUMENTATION_COMMENTS = YES;
				CLANG_WARN_EMPTY_BODY = YES;
				CLANG_WARN_ENUM_CONVERSION = YES;
				CLANG_WARN_INFINITE_RECURSION = YES;
				CLANG_WARN_INT_CONVERSION = YES;
				CLANG_WARN_NON_LITERAL_NULL_CONVERSION = YES;
				CLANG_WARN_OBJC_IMPLICIT_RETAIN_SELF = YES;
				CLANG_WARN_OBJC_LITERAL_CONVERSION = YES;
				CLANG_WARN_OBJC_ROOT_CLASS = YES_ERROR;
				CLANG_WARN_QUOTED_INCLUDE_IN_FRAMEWORK_HEADER = YES;
				CLANG_WARN_RANGE_LOOP_ANALYSIS = YES;
				CLANG_WARN_STRICT_PROTOTYPES = YES;
				CLANG_WARN_SUSPICIOUS_MOVE = YES;
				CLANG_WARN_UNGUARDED_AVAILABILITY = YES_AGGRESSIVE;
				CLANG_WARN_UNREACHABLE_CODE = YES;
				CLANG_WARN__DUPLICATE_METHOD_MATCH = YES;
				COPY_PHASE_STRIP = NO;
				DEBUG_INFORMATION_FORMAT = dwarf;
				ENABLE_STRICT_OBJC_MSGSEND = YES;
				ENABLE_TESTABILITY = YES;
				ENABLE_USER_SCRIPT_SANDBOXING = YES;
				GCC_C_LANGUAGE_STANDARD = gnu17;
				GCC_DYNAMIC_NO_PIC = NO;
				GCC_NO_COMMON_BLOCKS = YES;
				GCC_OPTIMIZATION_LEVEL = 0;
				GCC_PREPROCESSOR_DEFINITIONS = (
					"DEBUG=1",
					"$(inherited)",
				);
				GCC_WARN_64_TO_32_BIT_CONVERSION = YES;
				GCC_WARN_ABOUT_RETURN_TYPE = YES_ERROR;
				GCC_WARN_UNDECLARED_SELECTOR = YES;
				GCC_WARN_UNINITIALIZED_AUTOS = YES_AGGRESSIVE;
				GCC_WARN_UNUSED_FUNCTION = YES;
				GCC_WARN_UNUSED_VARIABLE = YES;
				IPHONEOS_DEPLOYMENT_TARGET = 17.2;
				LOCALIZATION_PREFERS_STRING_CATALOGS = YES;
				MTL_ENABLE_DEBUG_INFO = INCLUDE_SOURCE;
				MTL_FAST_MATH = YES;
				ONLY_ACTIVE_ARCH = YES;
				SDKROOT = iphoneos;
				SWIFT_ACTIVE_COMPILATION_CONDITIONS = "DEBUG $(inherited)";
				SWIFT_OPTIMIZATION_LEVEL = "-Onone";
			};
			name = Debug;
		};
		02E45ABF2B41CF3B00D0AAF7 /* Release */ = {
			isa = XCBuildConfiguration;
			buildSettings = {
				ALWAYS_SEARCH_USER_PATHS = NO;
				ASSETCATALOG_COMPILER_GENERATE_SWIFT_ASSET_SYMBOL_EXTENSIONS = YES;
				CLANG_ANALYZER_NONNULL = YES;
				CLANG_ANALYZER_NUMBER_OBJECT_CONVERSION = YES_AGGRESSIVE;
				CLANG_CXX_LANGUAGE_STANDARD = "gnu++20";
				CLANG_ENABLE_MODULES = YES;
				CLANG_ENABLE_OBJC_ARC = YES;
				CLANG_ENABLE_OBJC_WEAK = YES;
				CLANG_WARN_BLOCK_CAPTURE_AUTORELEASING = YES;
				CLANG_WARN_BOOL_CONVERSION = YES;
				CLANG_WARN_COMMA = YES;
				CLANG_WARN_CONSTANT_CONVERSION = YES;
				CLANG_WARN_DEPRECATED_OBJC_IMPLEMENTATIONS = YES;
				CLANG_WARN_DIRECT_OBJC_ISA_USAGE = YES_ERROR;
				CLANG_WARN_DOCUMENTATION_COMMENTS = YES;
				CLANG_WARN_EMPTY_BODY = YES;
				CLANG_WARN_ENUM_CONVERSION = YES;
				CLANG_WARN_INFINITE_RECURSION = YES;
				CLANG_WARN_INT_CONVERSION = YES;
				CLANG_WARN_NON_LITERAL_NULL_CONVERSION = YES;
				CLANG_WARN_OBJC_IMPLICIT_RETAIN_SELF = YES;
				CLANG_WARN_OBJC_LITERAL_CONVERSION = YES;
				CLANG_WARN_OBJC_ROOT_CLASS = YES_ERROR;
				CLANG_WARN_QUOTED_INCLUDE_IN_FRAMEWORK_HEADER = YES;
				CLANG_WARN_RANGE_LOOP_ANALYSIS = YES;
				CLANG_WARN_STRICT_PROTOTYPES = YES;
				CLANG_WARN_SUSPICIOUS_MOVE = YES;
				CLANG_WARN_UNGUARDED_AVAILABILITY = YES_AGGRESSIVE;
				CLANG_WARN_UNREACHABLE_CODE = YES;
				CLANG_WARN__DUPLICATE_METHOD_MATCH = YES;
				COPY_PHASE_STRIP = NO;
				DEBUG_INFORMATION_FORMAT = "dwarf-with-dsym";
				ENABLE_NS_ASSERTIONS = NO;
				ENABLE_STRICT_OBJC_MSGSEND = YES;
				ENABLE_USER_SCRIPT_SANDBOXING = YES;
				GCC_C_LANGUAGE_STANDARD = gnu17;
				GCC_NO_COMMON_BLOCKS = YES;
				GCC_WARN_64_TO_32_BIT_CONVERSION = YES;
				GCC_WARN_ABOUT_RETURN_TYPE = YES_ERROR;
				GCC_WARN_UNDECLARED_SELECTOR = YES;
				GCC_WARN_UNINITIALIZED_AUTOS = YES_AGGRESSIVE;
				GCC_WARN_UNUSED_FUNCTION = YES;
				GCC_WARN_UNUSED_VARIABLE = YES;
				IPHONEOS_DEPLOYMENT_TARGET = 17.2;
				LOCALIZATION_PREFERS_STRING_CATALOGS = YES;
				MTL_ENABLE_DEBUG_INFO = NO;
				MTL_FAST_MATH = YES;
				SDKROOT = iphoneos;
				SWIFT_COMPILATION_MODE = wholemodule;
				VALIDATE_PRODUCT = YES;
			};
			name = Release;
		};
		02E45AC12B41CF3B00D0AAF7 /* Debug */ = {
			isa = XCBuildConfiguration;
			buildSettings = {
				ASSETCATALOG_COMPILER_APPICON_NAME = AppIcon;
				ASSETCATALOG_COMPILER_GLOBAL_ACCENT_COLOR_NAME = AccentColor;
				CODE_SIGN_STYLE = Automatic;
				CURRENT_PROJECT_VERSION = 1;
				DEVELOPMENT_ASSET_PATHS = "\"CoffeeMasters/Preview Content\"";
				ENABLE_PREVIEWS = YES;
				GENERATE_INFOPLIST_FILE = YES;
				INFOPLIST_KEY_UIApplicationSceneManifest_Generation = YES;
				INFOPLIST_KEY_UIApplicationSupportsIndirectInputEvents = YES;
				INFOPLIST_KEY_UILaunchScreen_Generation = YES;
				INFOPLIST_KEY_UISupportedInterfaceOrientations_iPad = "UIInterfaceOrientationPortrait UIInterfaceOrientationPortraitUpsideDown UIInterfaceOrientationLandscapeLeft UIInterfaceOrientationLandscapeRight";
				INFOPLIST_KEY_UISupportedInterfaceOrientations_iPhone = "UIInterfaceOrientationPortrait UIInterfaceOrientationLandscapeLeft UIInterfaceOrientationLandscapeRight";
				LD_RUNPATH_SEARCH_PATHS = (
					"$(inherited)",
					"@executable_path/Frameworks",
				);
				MARKETING_VERSION = 1.0;
				PRODUCT_BUNDLE_IDENTIFIER = ios.mkv.CoffeeMasters;
				PRODUCT_NAME = "$(TARGET_NAME)";
				SWIFT_EMIT_LOC_STRINGS = YES;
				SWIFT_VERSION = 5.0;
				TARGETED_DEVICE_FAMILY = "1,2";
			};
			name = Debug;
		};
		02E45AC22B41CF3B00D0AAF7 /* Release */ = {
			isa = XCBuildConfiguration;
			buildSettings = {
				ASSETCATALOG_COMPILER_APPICON_NAME = AppIcon;
				ASSETCATALOG_COMPILER_GLOBAL_ACCENT_COLOR_NAME = AccentColor;
				CODE_SIGN_STYLE = Automatic;
				CURRENT_PROJECT_VERSION = 1;
				DEVELOPMENT_ASSET_PATHS = "\"CoffeeMasters/Preview Content\"";
				ENABLE_PREVIEWS = YES;
				GENERATE_INFOPLIST_FILE = YES;
				INFOPLIST_KEY_UIApplicationSceneManifest_Generation = YES;
				INFOPLIST_KEY_UIApplicationSupportsIndirectInputEvents = YES;
				INFOPLIST_KEY_UILaunchScreen_Generation = YES;
				INFOPLIST_KEY_UISupportedInterfaceOrientations_iPad = "UIInterfaceOrientationPortrait UIInterfaceOrientationPortraitUpsideDown UIInterfaceOrientationLandscapeLeft UIInterfaceOrientationLandscapeRight";
				INFOPLIST_KEY_UISupportedInterfaceOrientations_iPhone = "UIInterfaceOrientationPortrait UIInterfaceOrientationLandscapeLeft UIInterfaceOrientationLandscapeRight";
				LD_RUNPATH_SEARCH_PATHS = (
					"$(inherited)",
					"@executable_path/Frameworks",
				);
				MARKETING_VERSION = 1.0;
				PRODUCT_BUNDLE_IDENTIFIER = ios.mkv.CoffeeMasters;
				PRODUCT_NAME = "$(TARGET_NAME)";
				SWIFT_EMIT_LOC_STRINGS = YES;
				SWIFT_VERSION = 5.0;
				TARGETED_DEVICE_FAMILY = "1,2";
			};
			name = Release;
		};
		02E45AC42B41CF3B00D0AAF7 /* Debug */ = {
			isa = XCBuildConfiguration;
			buildSettings = {
				ALWAYS_EMBED_SWIFT_STANDARD_LIBRARIES = YES;
				BUNDLE_LOADER = "$(TEST_HOST)";
				CODE_SIGN_STYLE = Automatic;
				CURRENT_PROJECT_VERSION = 1;
				GENERATE_INFOPLIST_FILE = YES;
				IPHONEOS_DEPLOYMENT_TARGET = 17.2;
				MARKETING_VERSION = 1.0;
				PRODUCT_BUNDLE_IDENTIFIER = ios.mkv.CoffeeMastersTests;
				PRODUCT_NAME = "$(TARGET_NAME)";
				SWIFT_EMIT_LOC_STRINGS = NO;
				SWIFT_VERSION = 5.0;
				TARGETED_DEVICE_FAMILY = "1,2";
				TEST_HOST = "$(BUILT_PRODUCTS_DIR)/CoffeeMasters.app/$(BUNDLE_EXECUTABLE_FOLDER_PATH)/CoffeeMasters";
			};
			name = Debug;
		};
		02E45AC52B41CF3B00D0AAF7 /* Release */ = {
			isa = XCBuildConfiguration;
			buildSettings = {
				ALWAYS_EMBED_SWIFT_STANDARD_LIBRARIES = YES;
				BUNDLE_LOADER = "$(TEST_HOST)";
				CODE_SIGN_STYLE = Automatic;
				CURRENT_PROJECT_VERSION = 1;
				GENERATE_INFOPLIST_FILE = YES;
				IPHONEOS_DEPLOYMENT_TARGET = 17.2;
				MARKETING_VERSION = 1.0;
				PRODUCT_BUNDLE_IDENTIFIER = ios.mkv.CoffeeMastersTests;
				PRODUCT_NAME = "$(TARGET_NAME)";
				SWIFT_EMIT_LOC_STRINGS = NO;
				SWIFT_VERSION = 5.0;
				TARGETED_DEVICE_FAMILY = "1,2";
				TEST_HOST = "$(BUILT_PRODUCTS_DIR)/CoffeeMasters.app/$(BUNDLE_EXECUTABLE_FOLDER_PATH)/CoffeeMasters";
			};
			name = Release;
		};
		02E45AC72B41CF3B00D0AAF7 /* Debug */ = {
			isa = XCBuildConfiguration;
			buildSettings = {
				ALWAYS_EMBED_SWIFT_STANDARD_LIBRARIES = YES;
				CODE_SIGN_STYLE = Automatic;
				CURRENT_PROJECT_VERSION = 1;
				GENERATE_INFOPLIST_FILE = YES;
				MARKETING_VERSION = 1.0;
				PRODUCT_BUNDLE_IDENTIFIER = ios.mkv.CoffeeMastersUITests;
				PRODUCT_NAME = "$(TARGET_NAME)";
				SWIFT_EMIT_LOC_STRINGS = NO;
				SWIFT_VERSION = 5.0;
				TARGETED_DEVICE_FAMILY = "1,2";
				TEST_TARGET_NAME = CoffeeMasters;
			};
			name = Debug;
		};
		02E45AC82B41CF3B00D0AAF7 /* Release */ = {
			isa = XCBuildConfiguration;
			buildSettings = {
				ALWAYS_EMBED_SWIFT_STANDARD_LIBRARIES = YES;
				CODE_SIGN_STYLE = Automatic;
				CURRENT_PROJECT_VERSION = 1;
				GENERATE_INFOPLIST_FILE = YES;
				MARKETING_VERSION = 1.0;
				PRODUCT_BUNDLE_IDENTIFIER = ios.mkv.CoffeeMastersUITests;
				PRODUCT_NAME = "$(TARGET_NAME)";
				SWIFT_EMIT_LOC_STRINGS = NO;
				SWIFT_VERSION = 5.0;
				TARGETED_DEVICE_FAMILY = "1,2";
				TEST_TARGET_NAME = CoffeeMasters;
			};
			name = Release;
		};
/* End XCBuildConfiguration section */

/* Begin XCConfigurationList section */
		02E45A972B41CF3900D0AAF7 /* Build configuration list for PBXProject "CoffeeMasters" */ = {
			isa = XCConfigurationList;
			buildConfigurations = (
				02E45ABE2B41CF3B00D0AAF7 /* Debug */,
				02E45ABF2B41CF3B00D0AAF7 /* Release */,
			);
			defaultConfigurationIsVisible = 0;
			defaultConfigurationName = Release;
		};
		02E45AC02B41CF3B00D0AAF7 /* Build configuration list for PBXNativeTarget "CoffeeMasters" */ = {
			isa = XCConfigurationList;
			buildConfigurations = (
				02E45AC12B41CF3B00D0AAF7 /* Debug */,
				02E45AC22B41CF3B00D0AAF7 /* Release */,
			);
			defaultConfigurationIsVisible = 0;
			defaultConfigurationName = Release;
		};
		02E45AC32B41CF3B00D0AAF7 /* Build configuration list for PBXNativeTarget "CoffeeMastersTests" */ = {
			isa = XCConfigurationList;
			buildConfigurations = (
				02E45AC42B41CF3B00D0AAF7 /* Debug */,
				02E45AC52B41CF3B00D0AAF7 /* Release */,
			);
			defaultConfigurationIsVisible = 0;
			defaultConfigurationName = Release;
		};
		02E45AC62B41CF3B00D0AAF7 /* Build configuration list for PBXNativeTarget "CoffeeMastersUITests" */ = {
			isa = XCConfigurationList;
			buildConfigurations = (
				02E45AC72B41CF3B00D0AAF7 /* Debug */,
				02E45AC82B41CF3B00D0AAF7 /* Release */,
			);
			defaultConfigurationIsVisible = 0;
			defaultConfigurationName = Release;
		};
/* End XCConfigurationList section */
	};
	rootObject = 02E45A942B41CF3900D0AAF7 /* Project object */;
}
